
Microsoft Visual Studio Solution File, Format Version 12.00
# Visual Studio Version 17
VisualStudioVersion = 17.8.34330.188
MinimumVisualStudioVersion = 10.0.40219.1
Project("{FAE04EC0-301F-11D3-BF4B-00C04F79EFBC}") = "ConsoleApp60", "ConsoleApp60\ConsoleApp60.csproj", "{7FBCCBCC-E5DD-4B9F-BC50-0C06E3C11CDA}"
EndProject
Global
	GlobalSection(SolutionConfigurationPlatforms) = preSolution
		Debug|Any CPU = Debug|Any CPU
		Release|Any CPU = Release|Any CPU
	EndGlobalSection
	GlobalSection(ProjectConfigurationPlatforms) = postSolution
		{7FBCCBCC-E5DD-4B9F-BC50-0C06E3C11CDA}.Debug|Any CPU.ActiveCfg = Debug|Any CPU
		{7FBCCBCC-E5DD-4B9F-BC50-0C06E3C11CDA}.Debug|Any CPU.Build.0 = Debug|Any CPU
		{7FBCCBCC-E5DD-4B9F-BC50-0C06E3C11CDA}.Release|Any CPU.ActiveCfg = Release|Any CPU
		{7FBCCBCC-E5DD-4B9F-BC50-0C06E3C11CDA}.Release|Any CPU.Build.0 = Release|Any CPU
	EndGlobalSection
	GlobalSection(SolutionProperties) = preSolution
		HideSolutionNode = FALSE
	EndGlobalSection
	GlobalSection(ExtensibilityGlobals) = postSolution
		SolutionGuid = {AD8A48D5-7E7C-4D18-A22C-231DFAF0C4C3}
	EndGlobalSection
EndGlobal
